github.com/fufuok/utils v0.4.0 h1:AfV2GSBtXVaYnQ0xSLB3eswFpXos6H6yLkTv4/sIHmI=
github.com/fufuok/utils v0.4.0/go.mod h1:fhB97845Gmqy6oMiKu3GlmUUb7mp4K5DeRwH7DCwjWU=
github.com/goccy/go-json v0.9.4 h1:L8MLKG2mvVXiQu07qB6hmfqeSYQdOnqPot2GhsIwIaI=
github.com/goccy/go-json v0.9.4/go.mod h1:6MelG93GURQebXPDq3khkgXZkazVtN9CRI+MGFi0w8I=
github.com/klauspost/compress v1.14.4 h1:eijASRJcobkVtSt81Olfh7JX43osYLwy5krOJo6YEu4=
github.com/klauspost/compress v1.14.4/go.mod h1:/3/Vjq9QcHkK5uEr5lBEmyoZ1iFhe47etQ6QUkpK6sk=
github.com/valyala/gozstd v1.16.0 h1:nunfqpzx8Nq9itKYCgvmKlgM4LBQ8rcQPJ2ARKISu+0=
github.com/valyala/gozstd v1.16.0/go.mod h1:y5Ew47GLlP37EkTB+B4s7r6A5rdaeB7ftbl9zoYiIPQ=
